// !$*UTF8*$!
{
	archiveVersion = 1;
	classes = {
	};
	objectVersion = 46;
	objects = {

/* Begin PBXBuildFile section */
		7213445B1AD0D371005579E0 /* ipray.png in Resources */ = {isa = PBXBuildFile; fileRef = 721344581AD0D371005579E0 /* ipray.png */; };
		7213445C1AD0D371005579E0 /* ipray2.png in Resources */ = {isa = PBXBuildFile; fileRef = 721344591AD0D371005579E0 /* ipray2.png */; };
		7213445D1AD0D371005579E0 /* ipray3.png in Resources */ = {isa = PBXBuildFile; fileRef = 7213445A1AD0D371005579E0 /* ipray3.png */; };
		721344631AD0D59C005579E0 /* cadran.png in Resources */ = {isa = PBXBuildFile; fileRef = 7213445E1AD0D59C005579E0 /* cadran.png */; };
		721344641AD0D59C005579E0 /* hijri.png in Resources */ = {isa = PBXBuildFile; fileRef = 7213445F1AD0D59C005579E0 /* hijri.png */; };
		721344651AD0D59C005579E0 /* location.png in Resources */ = {isa = PBXBuildFile; fileRef = 721344601AD0D59C005579E0 /* location.png */; };
		721344661AD0D59C005579E0 /* qibla.png in Resources */ = {isa = PBXBuildFile; fileRef = 721344611AD0D59C005579E0 /* qibla.png */; };
		721344671AD0D59C005579E0 /* settings.png in Resources */ = {isa = PBXBuildFile; fileRef = 721344621AD0D59C005579E0 /* settings.png */; };
		721344691AD0D960005579E0 /* about.png in Resources */ = {isa = PBXBuildFile; fileRef = 721344681AD0D960005579E0 /* about.png */; };
		7213446B1AD29F60005579E0 /* ipray4.png in Resources */ = {isa = PBXBuildFile; fileRef = 7213446A1AD29F60005579E0 /* ipray4.png */; };
		7213446E1AD2A0EF005579E0 /* Salat.m in Sources */ = {isa = PBXBuildFile; fileRef = 7213446D1AD2A0EF005579E0 /* Salat.m */; };
		7291EED71AD0BB9B0019291C /* main.m in Sources */ = {isa = PBXBuildFile; fileRef = 7291EED61AD0BB9B0019291C /* main.m */; };
		7291EEDA1AD0BB9B0019291C /* AppDelegate.m in Sources */ = {isa = PBXBuildFile; fileRef = 7291EED91AD0BB9B0019291C /* AppDelegate.m */; };
		7291EEDD1AD0BB9B0019291C /* ViewController.m in Sources */ = {isa = PBXBuildFile; fileRef = 7291EEDC1AD0BB9B0019291C /* ViewController.m */; };
		7291EEE01AD0BB9B0019291C /* Main.storyboard in Resources */ = {isa = PBXBuildFile; fileRef = 7291EEDE1AD0BB9B0019291C /* Main.storyboard */; };
		7291EEE21AD0BB9B0019291C /* Images.xcassets in Resources */ = {isa = PBXBuildFile; fileRef = 7291EEE11AD0BB9B0019291C /* Images.xcassets */; };
		7291EEE51AD0BB9B0019291C /* LaunchScreen.xib in Resources */ = {isa = PBXBuildFile; fileRef = 7291EEE31AD0BB9B0019291C /* LaunchScreen.xib */; };
		7291EEF11AD0BB9B0019291C /* SalatTests.m in Sources */ = {isa = PBXBuildFile; fileRef = 7291EEF01AD0BB9B0019291C /* SalatTests.m */; };
/* End PBXBuildFile section */

/* Begin PBXContainerItemProxy section */
		7291EEEB1AD0BB9B0019291C /* PBXContainerItemProxy */ = {
			isa = PBXContainerItemProxy;
			containerPortal = 7291EEC91AD0BB9A0019291C /* Project object */;
			proxyType = 1;
			remoteGlobalIDString = 7291EED01AD0BB9A0019291C;
			remoteInfo = Salat;
		};
/* End PBXContainerItemProxy section */

/* Begin PBXFileReference section */
		721344581AD0D371005579E0 /* ipray.png */ = {isa = PBXFileReference; lastKnownFileType = image.png; path = ipray.png; sourceTree = "<group>"; };
		721344591AD0D371005579E0 /* ipray2.png */ = {isa = PBXFileReference; lastKnownFileType = image.png; path = ipray2.png; sourceTree = "<group>"; };
		7213445A1AD0D371005579E0 /* ipray3.png */ = {isa = PBXFileReference; lastKnownFileType = image.png; path = ipray3.png; sourceTree = "<group>"; };
		7213445E1AD0D59C005579E0 /* cadran.png */ = {isa = PBXFileReference; lastKnownFileType = image.png; path = cadran.png; sourceTree = "<group>"; };
		7213445F1AD0D59C005579E0 /* hijri.png */ = {isa = PBXFileReference; lastKnownFileType = image.png; path = hijri.png; sourceTree = "<group>"; };
		721344601AD0D59C005579E0 /* location.png */ = {isa = PBXFileReference; lastKnownFileType = image.png; path = location.png; sourceTree = "<group>"; };
		721344611AD0D59C005579E0 /* qibla.png */ = {isa = PBXFileReference; lastKnownFileType = image.png; path = qibla.png; sourceTree = "<group>"; };
		721344621AD0D59C005579E0 /* settings.png */ = {isa = PBXFileReference; lastKnownFileType = image.png; path = settings.png; sourceTree = "<group>"; };
		721344681AD0D960005579E0 /* about.png */ = {isa = PBXFileReference; lastKnownFileType = image.png; path = about.png; sourceTree = "<group>"; };
		7213446A1AD29F60005579E0 /* ipray4.png */ = {isa = PBXFileReference; lastKnownFileType = image.png; path = ipray4.png; sourceTree = "<group>"; };
		7213446C1AD2A0EF005579E0 /* Salat.h */ = {isa = PBXFileReference; fileEncoding = 4; lastKnownFileType = sourcecode.c.h; path = Salat.h; sourceTree = "<group>"; };
		7213446D1AD2A0EF005579E0 /* Salat.m */ = {isa = PBXFileReference; fileEncoding = 4; lastKnownFileType = sourcecode.c.objc; path = Salat.m; sourceTree = "<group>"; };
		7291EED11AD0BB9A0019291C /* Salat.app */ = {isa = PBXFileReference; explicitFileType = wrapper.application; includeInIndex = 0; path = Salat.app; sourceTree = BUILT_PRODUCTS_DIR; };
		7291EED51AD0BB9A0019291C /* Info.plist */ = {isa = PBXFileReference; lastKnownFileType = text.plist.xml; path = Info.plist; sourceTree = "<group>"; };
		7291EED61AD0BB9B0019291C /* main.m */ = {isa = PBXFileReference; lastKnownFileType = sourcecode.c.objc; path = main.m; sourceTree = "<group>"; };
		7291EED81AD0BB9B0019291C /* AppDelegate.h */ = {isa = PBXFileReference; lastKnownFileType = sourcecode.c.h; path = AppDelegate.h; sourceTree = "<group>"; };
		7291EED91AD0BB9B0019291C /* AppDelegate.m */ = {isa = PBXFileReference; lastKnownFileType = sourcecode.c.objc; path = AppDelegate.m; sourceTree = "<group>"; };
		7291EEDB1AD0BB9B0019291C /* ViewController.h */ = {isa = PBXFileReference; lastKnownFileType = sourcecode.c.h; path = ViewController.h; sourceTree = "<group>"; };
		7291EEDC1AD0BB9B0019291C /* ViewController.m */ = {isa = PBXFileReference; lastKnownFileType = sourcecode.c.objc; path = ViewController.m; sourceTree = "<group>"; };
		7291EEDF1AD0BB9B0019291C /* Base */ = {isa = PBXFileReference; lastKnownFileType = file.storyboard; name = Base; path = Base.lproj/Main.storyboard; sourceTree = "<group>"; };
		7291EEE11AD0BB9B0019291C /* Images.xcassets */ = {isa = PBXFileReference; lastKnownFileType = folder.assetcatalog; path = Images.xcassets; sourceTree = "<group>"; };
		7291EEE41AD0BB9B0019291C /* Base */ = {isa = PBXFileReference; lastKnownFileType = file.xib; name = Base; path = Base.lproj/LaunchScreen.xib; sourceTree = "<group>"; };
		7291EEEA1AD0BB9B0019291C /* SalatTests.xctest */ = {isa = PBXFileReference; explicitFileType = wrapper.cfbundle; includeInIndex = 0; path = SalatTests.xctest; sourceTree = BUILT_PRODUCTS_DIR; };
		7291EEEF1AD0BB9B0019291C /* Info.plist */ = {isa = PBXFileReference; lastKnownFileType = text.plist.xml; path = Info.plist; sourceTree = "<group>"; };
		7291EEF01AD0BB9B0019291C /* SalatTests.m */ = {isa = PBXFileReference; lastKnownFileType = sourcecode.c.objc; path = SalatTests.m; sourceTree = "<group>"; };
/* End PBXFileReference section */

/* Begin PBXFrameworksBuildPhase section */
		7291EECE1AD0BB9A0019291C /* Frameworks */ = {
			isa = PBXFrameworksBuildPhase;
			buildActionMask = 2147483647;
			files = (
			);
			runOnlyForDeploymentPostprocessing = 0;
		};
		7291EEE71AD0BB9B0019291C /* Frameworks */ = {
			isa = PBXFrameworksBuildPhase;
			buildActionMask = 2147483647;
			files = (
			);
			runOnlyForDeploymentPostprocessing = 0;
		};
/* End PBXFrameworksBuildPhase section */

/* Begin PBXGroup section */
		7291EEC81AD0BB9A0019291C = {
			isa = PBXGroup;
			children = (
				7291EED31AD0BB9A0019291C /* Salat */,
				7291EEED1AD0BB9B0019291C /* SalatTests */,
				7291EED21AD0BB9A0019291C /* Products */,
			);
			sourceTree = "<group>";
		};
		7291EED21AD0BB9A0019291C /* Products */ = {
			isa = PBXGroup;
			children = (
				7291EED11AD0BB9A0019291C /* Salat.app */,
				7291EEEA1AD0BB9B0019291C /* SalatTests.xctest */,
			);
			name = Products;
			sourceTree = "<group>";
		};
		7291EED31AD0BB9A0019291C /* Salat */ = {
			isa = PBXGroup;
			children = (
				7291EED81AD0BB9B0019291C /* AppDelegate.h */,
				7291EED91AD0BB9B0019291C /* AppDelegate.m */,
				7291EEDB1AD0BB9B0019291C /* ViewController.h */,
				7291EEDC1AD0BB9B0019291C /* ViewController.m */,
				7291EEDE1AD0BB9B0019291C /* Main.storyboard */,
				7213446C1AD2A0EF005579E0 /* Salat.h */,
				7213446D1AD2A0EF005579E0 /* Salat.m */,
				7291EEE11AD0BB9B0019291C /* Images.xcassets */,
				7291EEE31AD0BB9B0019291C /* LaunchScreen.xib */,
				721344581AD0D371005579E0 /* ipray.png */,
				721344591AD0D371005579E0 /* ipray2.png */,
				7213445A1AD0D371005579E0 /* ipray3.png */,
				7213445E1AD0D59C005579E0 /* cadran.png */,
				7213445F1AD0D59C005579E0 /* hijri.png */,
				721344601AD0D59C005579E0 /* location.png */,
				721344611AD0D59C005579E0 /* qibla.png */,
				721344621AD0D59C005579E0 /* settings.png */,
				721344681AD0D960005579E0 /* about.png */,
				7213446A1AD29F60005579E0 /* ipray4.png */,
				7291EED41AD0BB9A0019291C /* Supporting Files */,
			);
			path = Salat;
			sourceTree = "<group>";
		};
		7291EED41AD0BB9A0019291C /* Supporting Files */ = {
			isa = PBXGroup;
			children = (
				7291EED51AD0BB9A0019291C /* Info.plist */,
				7291EED61AD0BB9B0019291C /* main.m */,
			);
			name = "Supporting Files";
			sourceTree = "<group>";
		};
		7291EEED1AD0BB9B0019291C /* SalatTests */ = {
			isa = PBXGroup;
			children = (
				7291EEF01AD0BB9B0019291C /* SalatTests.m */,
				7291EEEE1AD0BB9B0019291C /* Supporting Files */,
			);
			path = SalatTests;
			sourceTree = "<group>";
		};
		7291EEEE1AD0BB9B0019291C /* Supporting Files */ = {
			isa = PBXGroup;
			children = (
				7291EEEF1AD0BB9B0019291C /* Info.plist */,
			);
			name = "Supporting Files";
			sourceTree = "<group>";
		};
/* End PBXGroup section */

/* Begin PBXNativeTarget section */
		7291EED01AD0BB9A0019291C /* Salat */ = {
			isa = PBXNativeTarget;
			buildConfigurationList = 7291EEF41AD0BB9B0019291C /* Build configuration list for PBXNativeTarget "Salat" */;
			buildPhases = (
				7291EECD1AD0BB9A0019291C /* Sources */,
				7291EECE1AD0BB9A0019291C /* Frameworks */,
				7291EECF1AD0BB9A0019291C /* Resources */,
			);
			buildRules = (
			);
			dependencies = (
			);
			name = Salat;
			productName = Salat;
			productReference = 7291EED11AD0BB9A0019291C /* Salat.app */;
			productType = "com.apple.product-type.application";
		};
		7291EEE91AD0BB9B0019291C /* SalatTests */ = {
			isa = PBXNativeTarget;
			buildConfigurationList = 7291EEF71AD0BB9B0019291C /* Build configuration list for PBXNativeTarget "SalatTests" */;
			buildPhases = (
				7291EEE61AD0BB9B0019291C /* Sources */,
				7291EEE71AD0BB9B0019291C /* Frameworks */,
				7291EEE81AD0BB9B0019291C /* Resources */,
			);
			buildRules = (
			);
			dependencies = (
				7291EEEC1AD0BB9B0019291C /* PBXTargetDependency */,
			);
			name = SalatTests;
			productName = SalatTests;
			productReference = 7291EEEA1AD0BB9B0019291C /* SalatTests.xctest */;
			productType = "com.apple.product-type.bundle.unit-test";
		};
/* End PBXNativeTarget section */

/* Begin PBXProject section */
		7291EEC91AD0BB9A0019291C /* Project object */ = {
			isa = PBXProject;
			attributes = {
				LastUpgradeCheck = 0620;
				ORGANIZATIONNAME = "Skander Jabouzi";
				TargetAttributes = {
					7291EED01AD0BB9A0019291C = {
						CreatedOnToolsVersion = 6.2;
					};
					7291EEE91AD0BB9B0019291C = {
						CreatedOnToolsVersion = 6.2;
						TestTargetID = 7291EED01AD0BB9A0019291C;
					};
				};
			};
			buildConfigurationList = 7291EECC1AD0BB9A0019291C /* Build configuration list for PBXProject "Salat" */;
			compatibilityVersion = "Xcode 3.2";
			developmentRegion = English;
			hasScannedForEncodings = 0;
			knownRegions = (
				en,
				Base,
			);
			mainGroup = 7291EEC81AD0BB9A0019291C;
			productRefGroup = 7291EED21AD0BB9A0019291C /* Products */;
			projectDirPath = "";
			projectRoot = "";
			targets = (
				7291EED01AD0BB9A0019291C /* Salat */,
				7291EEE91AD0BB9B0019291C /* SalatTests */,
			);
		};
/* End PBXProject section */

/* Begin PBXResourcesBuildPhase section */
		7291EECF1AD0BB9A0019291C /* Resources */ = {
			isa = PBXResourcesBuildPhase;
			buildActionMask = 2147483647;
			files = (
				7291EEE01AD0BB9B0019291C /* Main.storyboard in Resources */,
				721344631AD0D59C005579E0 /* cadran.png in Resources */,
				721344641AD0D59C005579E0 /* hijri.png in Resources */,
				7213446B1AD29F60005579E0 /* ipray4.png in Resources */,
				721344671AD0D59C005579E0 /* settings.png in Resources */,
				7213445D1AD0D371005579E0 /* ipray3.png in Resources */,
				721344651AD0D59C005579E0 /* location.png in Resources */,
				7213445C1AD0D371005579E0 /* ipray2.png in Resources */,
				7213445B1AD0D371005579E0 /* ipray.png in Resources */,
				721344661AD0D59C005579E0 /* qibla.png in Resources */,
				7291EEE51AD0BB9B0019291C /* LaunchScreen.xib in Resources */,
				7291EEE21AD0BB9B0019291C /* Images.xcassets in Resources */,
				721344691AD0D960005579E0 /* about.png in Resources */,
			);
			runOnlyForDeploymentPostprocessing = 0;
		};
		7291EEE81AD0BB9B0019291C /* Resources */ = {
			isa = PBXResourcesBuildPhase;
			buildActionMask = 2147483647;
			files = (
			);
			runOnlyForDeploymentPostprocessing = 0;
		};
/* End PBXResourcesBuildPhase section */

/* Begin PBXSourcesBuildPhase section */
		7291EECD1AD0BB9A0019291C /* Sources */ = {
			isa = PBXSourcesBuildPhase;
			buildActionMask = 2147483647;
			files = (
				7291EEDD1AD0BB9B0019291C /* ViewController.m in Sources */,
				7291EEDA1AD0BB9B0019291C /* AppDelegate.m in Sources */,
				7291EED71AD0BB9B0019291C /* main.m in Sources */,
				7213446E1AD2A0EF005579E0 /* Salat.m in Sources */,
			);
			runOnlyForDeploymentPostprocessing = 0;
		};
		7291EEE61AD0BB9B0019291C /* Sources */ = {
			isa = PBXSourcesBuildPhase;
			buildActionMask = 2147483647;
			files = (
				7291EEF11AD0BB9B0019291C /* SalatTests.m in Sources */,
			);
			runOnlyForDeploymentPostprocessing = 0;
		};
/* End PBXSourcesBuildPhase section */

/* Begin PBXTargetDependency section */
		7291EEEC1AD0BB9B0019291C /* PBXTargetDependency */ = {
			isa = PBXTargetDependency;
			target = 7291EED01AD0BB9A0019291C /* Salat */;
			targetProxy = 7291EEEB1AD0BB9B0019291C /* PBXContainerItemProxy */;
		};
/* End PBXTargetDependency section */

/* Begin PBXVariantGroup section */
		7291EEDE1AD0BB9B0019291C /* Main.storyboard */ = {
			isa = PBXVariantGroup;
			children = (
				7291EEDF1AD0BB9B0019291C /* Base */,
			);
			name = Main.storyboard;
			sourceTree = "<group>";
		};
		7291EEE31AD0BB9B0019291C /* LaunchScreen.xib */ = {
			isa = PBXVariantGroup;
			children = (
				7291EEE41AD0BB9B0019291C /* Base */,
			);
			name = LaunchScreen.xib;
			sourceTree = "<group>";
		};
/* End PBXVariantGroup section */

/* Begin XCBuildConfiguration section */
		7291EEF21AD0BB9B0019291C /* Debug */ = {
			isa = XCBuildConfiguration;
			buildSettings = {
				ALWAYS_SEARCH_USER_PATHS = NO;
				CLANG_CXX_LANGUAGE_STANDARD = "gnu++0x";
				CLANG_CXX_LIBRARY = "libc++";
				CLANG_ENABLE_MODULES = YES;
				CLANG_ENABLE_OBJC_ARC = YES;
				CLANG_WARN_BOOL_CONVERSION = YES;
				CLANG_WARN_CONSTANT_CONVERSION = YES;
				CLANG_WARN_DIRECT_OBJC_ISA_USAGE = YES_ERROR;
				CLANG_WARN_EMPTY_BODY = YES;
				CLANG_WARN_ENUM_CONVERSION = YES;
				CLANG_WARN_INT_CONVERSION = YES;
				CLANG_WARN_OBJC_ROOT_CLASS = YES_ERROR;
				CLANG_WARN_UNREACHABLE_CODE = YES;
				CLANG_WARN__DUPLICATE_METHOD_MATCH = YES;
				"CODE_SIGN_IDENTITY[sdk=iphoneos*]" = "iPhone Developer";
				COPY_PHASE_STRIP = NO;
				ENABLE_STRICT_OBJC_MSGSEND = YES;
				GCC_C_LANGUAGE_STANDARD = gnu99;
				GCC_DYNAMIC_NO_PIC = NO;
				GCC_OPTIMIZATION_LEVEL = 0;
				GCC_PREPROCESSOR_DEFINITIONS = (
					"DEBUG=1",
					"$(inherited)",
				);
				GCC_SYMBOLS_PRIVATE_EXTERN = NO;
				GCC_WARN_64_TO_32_BIT_CONVERSION = YES;
				GCC_WARN_ABOUT_RETURN_TYPE = YES_ERROR;
				GCC_WARN_UNDECLARED_SELECTOR = YES;
				GCC_WARN_UNINITIALIZED_AUTOS = YES_AGGRESSIVE;
				GCC_WARN_UNUSED_FUNCTION = YES;
				GCC_WARN_UNUSED_VARIABLE = YES;
				IPHONEOS_DEPLOYMENT_TARGET = 8.2;
				MTL_ENABLE_DEBUG_INFO = YES;
				ONLY_ACTIVE_ARCH = YES;
				SDKROOT = iphoneos;
				TARGETED_DEVICE_FAMILY = "1,2";
			};
			name = Debug;
		};
		7291EEF31AD0BB9B0019291C /* Release */ = {
			isa = XCBuildConfiguration;
			buildSettings = {
				ALWAYS_SEARCH_USER_PATHS = NO;
				CLANG_CXX_LANGUAGE_STANDARD = "gnu++0x";
				CLANG_CXX_LIBRARY = "libc++";
				CLANG_ENABLE_MODULES = YES;
				CLANG_ENABLE_OBJC_ARC = YES;
				CLANG_WARN_BOOL_CONVERSION = YES;
				CLANG_WARN_CONSTANT_CONVERSION = YES;
				CLANG_WARN_DIRECT_OBJC_ISA_USAGE = YES_ERROR;
				CLANG_WARN_EMPTY_BODY = YES;
				CLANG_WARN_ENUM_CONVERSION = YES;
				CLANG_WARN_INT_CONVERSION = YES;
				CLANG_WARN_OBJC_ROOT_CLASS = YES_ERROR;
				CLANG_WARN_UNREACHABLE_CODE = YES;
				CLANG_WARN__DUPLICATE_METHOD_MATCH = YES;
				"CODE_SIGN_IDENTITY[sdk=iphoneos*]" = "iPhone Developer";
				COPY_PHASE_STRIP = NO;
				ENABLE_NS_ASSERTIONS = NO;
				ENABLE_STRICT_OBJC_MSGSEND = YES;
				GCC_C_LANGUAGE_STANDARD = gnu99;
				GCC_WARN_64_TO_32_BIT_CONVERSION = YES;
				GCC_WARN_ABOUT_RETURN_TYPE = YES_ERROR;
				GCC_WARN_UNDECLARED_SELECTOR = YES;
				GCC_WARN_UNINITIALIZED_AUTOS = YES_AGGRESSIVE;
				GCC_WARN_UNUSED_FUNCTION = YES;
				GCC_WARN_UNUSED_VARIABLE = YES;
				IPHONEOS_DEPLOYMENT_TARGET = 8.2;
				MTL_ENABLE_DEBUG_INFO = NO;
				SDKROOT = iphoneos;
				TARGETED_DEVICE_FAMILY = "1,2";
				VALIDATE_PRODUCT = YES;
			};
			name = Release;
		};
		7291EEF51AD0BB9B0019291C /* Debug */ = {
			isa = XCBuildConfiguration;
			buildSettings = {
				ASSETCATALOG_COMPILER_APPICON_NAME = AppIcon;
				INFOPLIST_FILE = Salat/Info.plist;
				IPHONEOS_DEPLOYMENT_TARGET = 6.0;
				LD_RUNPATH_SEARCH_PATHS = "$(inherited) @executable_path/Frameworks";
				PRODUCT_NAME = "$(TARGET_NAME)";
			};
			name = Debug;
		};
		7291EEF61AD0BB9B0019291C /* Release */ = {
			isa = XCBuildConfiguration;
			buildSettings = {
				ASSETCATALOG_COMPILER_APPICON_NAME = AppIcon;
				INFOPLIST_FILE = Salat/Info.plist;
				IPHONEOS_DEPLOYMENT_TARGET = 6.0;
				LD_RUNPATH_SEARCH_PATHS = "$(inherited) @executable_path/Frameworks";
				PRODUCT_NAME = "$(TARGET_NAME)";
			};
			name = Release;
		};
		7291EEF81AD0BB9B0019291C /* Debug */ = {
			isa = XCBuildConfiguration;
			buildSettings = {
				BUNDLE_LOADER = "$(TEST_HOST)";
				FRAMEWORK_SEARCH_PATHS = (
					"$(SDKROOT)/Developer/Library/Frameworks",
					"$(inherited)",
				);
				GCC_PREPROCESSOR_DEFINITIONS = (
					"DEBUG=1",
					"$(inherited)",
				);
				INFOPLIST_FILE = SalatTests/Info.plist;
				LD_RUNPATH_SEARCH_PATHS = "$(inherited) @executable_path/Frameworks @loader_path/Frameworks";
				PRODUCT_NAME = "$(TARGET_NAME)";
				TEST_HOST = "$(BUILT_PRODUCTS_DIR)/Salat.app/Salat";
			};
			name = Debug;
		};
		7291EEF91AD0BB9B0019291C /* Release */ = {
			isa = XCBuildConfiguration;
			buildSettings = {
				BUNDLE_LOADER = "$(TEST_HOST)";
				FRAMEWORK_SEARCH_PATHS = (
					"$(SDKROOT)/Developer/Library/Frameworks",
					"$(inherited)",
				);
				INFOPLIST_FILE = SalatTests/Info.plist;
				LD_RUNPATH_SEARCH_PATHS = "$(inherited) @executable_path/Frameworks @loader_path/Frameworks";
				PRODUCT_NAME = "$(TARGET_NAME)";
				TEST_HOST = "$(BUILT_PRODUCTS_DIR)/Salat.app/Salat";
			};
			name = Release;
		};
/* End XCBuildConfiguration section */

/* Begin XCConfigurationList section */
		7291EECC1AD0BB9A0019291C /* Build configuration list for PBXProject "Salat" */ = {
			isa = XCConfigurationList;
			buildConfigurations = (
				7291EEF21AD0BB9B0019291C /* Debug */,
				7291EEF31AD0BB9B0019291C /* Release */,
			);
			defaultConfigurationIsVisible = 0;
			defaultConfigurationName = Release;
		};
		7291EEF41AD0BB9B0019291C /* Build configuration list for PBXNativeTarget "Salat" */ = {
			isa = XCConfigurationList;
			buildConfigurations = (
				7291EEF51AD0BB9B0019291C /* Debug */,
				7291EEF61AD0BB9B0019291C /* Release */,
			);
			defaultConfigurationIsVisible = 0;
			defaultConfigurationName = Release;
		};
		7291EEF71AD0BB9B0019291C /* Build configuration list for PBXNativeTarget "SalatTests" */ = {
			isa = XCConfigurationList;
			buildConfigurations = (
				7291EEF81AD0BB9B0019291C /* Debug */,
				7291EEF91AD0BB9B0019291C /* Release */,
			);
			defaultConfigurationIsVisible = 0;
			defaultConfigurationName = Release;
		};
/* End XCConfigurationList section */
	};
	rootObject = 7291EEC91AD0BB9A0019291C /* Project object */;
}
